{
  "version": 4,
  "terraform_version": "1.14.8",
  "serial": 8,
  "lineage": "6cdff92a-a303-c5eb-dc9c-96bbcae16ba8",
  "outputs": {
    "access_key_id": {
      "value": "LKIAQAAAAAAANOIWEE24",
      "type": "string"
    },
    "bucket_name": {
      "value": "data-lake-processed",
      "type": "string"
    },
    "iam_user_name": {
      "value": "airflow-s3-user",
      "type": "string"
    },
    "secret_access_key": {
      "value": "c37WoZyRV3SotAfcla8BGJWWuevAhGDwQ5ERq4g+",
      "type": "string",
      "sensitive": true
    }
  },
  "resources": [
    {
      "mode": "managed",
      "type": "aws_iam_access_key",
      "name": "airflow_access_key",
      "provider": "provider[\"registry.terraform.io/hashicorp/aws\"]",
      "instances": [
        {
          "schema_version": 0,
          "attributes": {
            "create_date": "2026-03-29T14:37:53Z",
            "encrypted_secret": null,
            "encrypted_ses_smtp_password_v4": null,
            "id": "LKIAQAAAAAAANOIWEE24",
            "key_fingerprint": null,
            "pgp_key": null,
            "secret": "c37WoZyRV3SotAfcla8BGJWWuevAhGDwQ5ERq4g+",
            "ses_smtp_password_v4": "BCEsJ7GvCwydcrvspUu2eyMI86mHOaK2N97883PBv5rW",
            "status": "Active",
            "user": "airflow-s3-user"
          },
          "sensitive_attributes": [
            [
              {
                "type": "get_attr",
                "value": "secret"
              }
            ],
            [
              {
                "type": "get_attr",
                "value": "ses_smtp_password_v4"
              }
            ]
          ],
          "identity_schema_version": 0,
          "private": "bnVsbA==",
          "dependencies": [
            "aws_iam_user.airflow_user"
          ]
        }
      ]
    },
    {
      "mode": "managed",
      "type": "aws_iam_policy",
      "name": "airflow_s3_policy",
      "provider": "provider[\"registry.terraform.io/hashicorp/aws\"]",
      "instances": [
        {
          "schema_version": 0,
          "attributes": {
            "arn": "arn:aws:iam::000000000000:policy/airflow-s3-policy",
            "description": "Least privilege policy for Airflow to access S3",
            "id": "arn:aws:iam::000000000000:policy/airflow-s3-policy",
            "name": "airflow-s3-policy",
            "name_prefix": "",
            "path": "/",
            "policy": "{\"Statement\":[{\"Action\":[\"s3:PutObject\",\"s3:GetObject\",\"s3:ListBucket\"],\"Effect\":\"Allow\",\"Resource\":[\"arn:aws:s3:::data-lake-processed\",\"arn:aws:s3:::data-lake-processed/*\"]}],\"Version\":\"2012-10-17\"}",
            "policy_id": "AJ28AKYLZRT2BU1C02Y9P",
            "tags": {},
            "tags_all": {}
          },
          "sensitive_attributes": [],
          "identity_schema_version": 0,
          "private": "bnVsbA=="
        }
      ]
    },
    {
      "mode": "managed",
      "type": "aws_iam_user",
      "name": "airflow_user",
      "provider": "provider[\"registry.terraform.io/hashicorp/aws\"]",
      "instances": [
        {
          "schema_version": 0,
          "attributes": {
            "arn": "arn:aws:iam::000000000000:user/airflow-s3-user",
            "force_destroy": false,
            "id": "airflow-s3-user",
            "name": "airflow-s3-user",
            "path": "/",
            "permissions_boundary": "",
            "tags": {
              "Name": "airflow-s3-user",
              "Project": "cube-devops-assessment"
            },
            "tags_all": {
              "Name": "airflow-s3-user",
              "Project": "cube-devops-assessment"
            },
            "unique_id": "kaul6yj6msyin6mplu6p"
          },
          "sensitive_attributes": [],
          "identity_schema_version": 0,
          "private": "bnVsbA=="
        }
      ]
    },
    {
      "mode": "managed",
      "type": "aws_iam_user_policy_attachment",
      "name": "airflow_policy_attach",
      "provider": "provider[\"registry.terraform.io/hashicorp/aws\"]",
      "instances": [
        {
          "schema_version": 0,
          "attributes": {
            "id": "airflow-s3-user-20260329143753602500000001",
            "policy_arn": "arn:aws:iam::000000000000:policy/airflow-s3-policy",
            "user": "airflow-s3-user"
          },
          "sensitive_attributes": [],
          "identity_schema_version": 0,
          "private": "bnVsbA==",
          "dependencies": [
            "aws_iam_policy.airflow_s3_policy",
            "aws_iam_user.airflow_user"
          ]
        }
      ]
    }
  ],
  "check_results": null
}
